// !$*UTF8*$!
{
	archiveVersion = 1;
	classes = {
	};
	objectVersion = 46;
	objects = {

/* Begin PBXBuildFile section */
		5AD407031F141DF700227EFA /* AppDelegate.swift in Sources */ = {isa = PBXBuildFile; fileRef = 5AD407021F141DF700227EFA /* AppDelegate.swift */; };
		5AD407051F141DF700227EFA /* ReceivingVC.swift in Sources */ = {isa = PBXBuildFile; fileRef = 5AD407041F141DF700227EFA /* ReceivingVC.swift */; };
		5AD407081F141DF700227EFA /* Main.storyboard in Resources */ = {isa = PBXBuildFile; fileRef = 5AD407061F141DF700227EFA /* Main.storyboard */; };
		5AD4070A1F141DF700227EFA /* Assets.xcassets in Resources */ = {isa = PBXBuildFile; fileRef = 5AD407091F141DF700227EFA /* Assets.xcassets */; };
		5AD4070D1F141DF700227EFA /* LaunchScreen.storyboard in Resources */ = {isa = PBXBuildFile; fileRef = 5AD4070B1F141DF700227EFA /* LaunchScreen.storyboard */; };
		5AD407151F141EBE00227EFA /* SendingVC.swift in Sources */ = {isa = PBXBuildFile; fileRef = 5AD407141F141EBE00227EFA /* SendingVC.swift */; };
/* End PBXBuildFile section */

/* Begin PBXFileReference section */
		5AD406FF1F141DF700227EFA /* delegatesPractice.app */ = {isa = PBXFileReference; explicitFileType = wrapper.application; includeInIndex = 0; path = delegatesPractice.app; sourceTree = BUILT_PRODUCTS_DIR; };
		5AD407021F141DF700227EFA /* AppDelegate.swift */ = {isa = PBXFileReference; lastKnownFileType = sourcecode.swift; path = AppDelegate.swift; sourceTree = "<group>"; };
		5AD407041F141DF700227EFA /* ReceivingVC.swift */ = {isa = PBXFileReference; lastKnownFileType = sourcecode.swift; path = ReceivingVC.swift; sourceTree = "<group>"; };
		5AD407071F141DF700227EFA /* Base */ = {isa = PBXFileReference; lastKnownFileType = file.storyboard; name = Base; path = Base.lproj/Main.storyboard; sourceTree = "<group>"; };
		5AD407091F141DF700227EFA /* Assets.xcassets */ = {isa = PBXFileReference; lastKnownFileType = folder.assetcatalog; path = Assets.xcassets; sourceTree = "<group>"; };
		5AD4070C1F141DF700227EFA /* Base */ = {isa = PBXFileReference; lastKnownFileType = file.storyboard; name = Base; path = Base.lproj/LaunchScreen.storyboard; sourceTree = "<group>"; };
		5AD4070E1F141DF700227EFA /* Info.plist */ = {isa = PBXFileReference; lastKnownFileType = text.plist.xml; path = Info.plist; sourceTree = "<group>"; };
		5AD407141F141EBE00227EFA /* SendingVC.swift */ = {isa = PBXFileReference; fileEncoding = 4; lastKnownFileType = sourcecode.swift; path = SendingVC.swift; sourceTree = "<group>"; };
/* End PBXFileReference section */

/* Begin PBXFrameworksBuildPhase section */
		5AD406FC1F141DF700227EFA /* Frameworks */ = {
			isa = PBXFrameworksBuildPhase;
			buildActionMask = 2147483647;
			files = (
			);
			runOnlyForDeploymentPostprocessing = 0;
		};
/* End PBXFrameworksBuildPhase section */

/* Begin PBXGroup section */
		5AD406F61F141DF700227EFA = {
			isa = PBXGroup;
			children = (
				5AD407011F141DF700227EFA /* delegatesPractice */,
				5AD407001F141DF700227EFA /* Products */,
			);
			sourceTree = "<group>";
		};
		5AD407001F141DF700227EFA /* Products */ = {
			isa = PBXGroup;
			children = (
				5AD406FF1F141DF700227EFA /* delegatesPractice.app */,
			);
			name = Products;
			sourceTree = "<group>";
		};
		5AD407011F141DF700227EFA /* delegatesPractice */ = {
			isa = PBXGroup;
			children = (
				5AD407021F141DF700227EFA /* AppDelegate.swift */,
				5AD407041F141DF700227EFA /* ReceivingVC.swift */,
				5AD407141F141EBE00227EFA /* SendingVC.swift */,
				5AD407061F141DF700227EFA /* Main.storyboard */,
				5AD407091F141DF700227EFA /* Assets.xcassets */,
				5AD4070B1F141DF700227EFA /* LaunchScreen.storyboard */,
				5AD4070E1F141DF700227EFA /* Info.plist */,
			);
			path = delegatesPractice;
			sourceTree = "<group>";
		};
/* End PBXGroup section */

/* Begin PBXNativeTarget section */
		5AD406FE1F141DF700227EFA /* delegatesPractice */ = {
			isa = PBXNativeTarget;
			buildConfigurationList = 5AD407111F141DF700227EFA /* Build configuration list for PBXNativeTarget "delegatesPractice" */;
			buildPhases = (
				5AD406FB1F141DF700227EFA /* Sources */,
				5AD406FC1F141DF700227EFA /* Frameworks */,
				5AD406FD1F141DF700227EFA /* Resources */,
			);
			buildRules = (
			);
			dependencies = (
			);
			name = delegatesPractice;
			productName = delegatesPractice;
			productReference = 5AD406FF1F141DF700227EFA /* delegatesPractice.app */;
			productType = "com.apple.product-type.application";
		};
/* End PBXNativeTarget section */

/* Begin PBXProject section */
		5AD406F71F141DF700227EFA /* Project object */ = {
			isa = PBXProject;
			attributes = {
				LastSwiftUpdateCheck = 0830;
				LastUpgradeCheck = 0830;
				ORGANIZATIONNAME = "Lucas Spacil";
				TargetAttributes = {
					5AD406FE1F141DF700227EFA = {
						CreatedOnToolsVersion = 8.3.3;
						ProvisioningStyle = Automatic;
					};
				};
			};
			buildConfigurationList = 5AD406FA1F141DF700227EFA /* Build configuration list for PBXProject "delegatesPractice" */;
			compatibilityVersion = "Xcode 3.2";
			developmentRegion = English;
			hasScannedForEncodings = 0;
			knownRegions = (
				en,
				Base,
			);
			mainGroup = 5AD406F61F141DF700227EFA;
			productRefGroup = 5AD407001F141DF700227EFA /* Products */;
			projectDirPath = "";
			projectRoot = "";
			targets = (
				5AD406FE1F141DF700227EFA /* delegatesPractice */,
			);
		};
/* End PBXProject section */

/* Begin PBXResourcesBuildPhase section */
		5AD406FD1F141DF700227EFA /* Resources */ = {
			isa = PBXResourcesBuildPhase;
			buildActionMask = 2147483647;
			files = (
				5AD4070D1F141DF700227EFA /* LaunchScreen.storyboard in Resources */,
				5AD4070A1F141DF700227EFA /* Assets.xcassets in Resources */,
				5AD407081F141DF700227EFA /* Main.storyboard in Resources */,
			);
			runOnlyForDeploymentPostprocessing = 0;
		};
/* End PBXResourcesBuildPhase section */

/* Begin PBXSourcesBuildPhase section */
		5AD406FB1F141DF700227EFA /* Sources */ = {
			isa = PBXSourcesBuildPhase;
			buildActionMask = 2147483647;
			files = (
				5AD407051F141DF700227EFA /* ReceivingVC.swift in Sources */,
				5AD407151F141EBE00227EFA /* SendingVC.swift in Sources */,
				5AD407031F141DF700227EFA /* AppDelegate.swift in Sources */,
			);
			runOnlyForDeploymentPostprocessing = 0;
		};
/* End PBXSourcesBuildPhase section */

/* Begin PBXVariantGroup section */
		5AD407061F141DF700227EFA /* Main.storyboard */ = {
			isa = PBXVariantGroup;
			children = (
				5AD407071F141DF700227EFA /* Base */,
			);
			name = Main.storyboard;
			sourceTree = "<group>";
		};
		5AD4070B1F141DF700227EFA /* LaunchScreen.storyboard */ = {
			isa = PBXVariantGroup;
			children = (
				5AD4070C1F141DF700227EFA /* Base */,
			);
			name = LaunchScreen.storyboard;
			sourceTree = "<group>";
		};
/* End PBXVariantGroup section */

/* Begin XCBuildConfiguration section */
		5AD4070F1F141DF700227EFA /* Debug */ = {
			isa = XCBuildConfiguration;
			buildSettings = {
				ALWAYS_SEARCH_USER_PATHS = NO;
				CLANG_ANALYZER_NONNULL = YES;
				CLANG_ANALYZER_NUMBER_OBJECT_CONVERSION = YES_AGGRESSIVE;
				CLANG_CXX_LANGUAGE_STANDARD = "gnu++0x";
				CLANG_CXX_LIBRARY = "libc++";
				CLANG_ENABLE_MODULES = YES;
				CLANG_ENABLE_OBJC_ARC = YES;
				CLANG_WARN_BOOL_CONVERSION = YES;
				CLANG_WARN_CONSTANT_CONVERSION = YES;
				CLANG_WARN_DIRECT_OBJC_ISA_USAGE = YES_ERROR;
				CLANG_WARN_DOCUMENTATION_COMMENTS = YES;
				CLANG_WARN_EMPTY_BODY = YES;
				CLANG_WARN_ENUM_CONVERSION = YES;
				CLANG_WARN_INFINITE_RECURSION = YES;
				CLANG_WARN_INT_CONVERSION = YES;
				CLANG_WARN_OBJC_ROOT_CLASS = YES_ERROR;
				CLANG_WARN_SUSPICIOUS_MOVE = YES;
				CLANG_WARN_UNREACHABLE_CODE = YES;
				CLANG_WARN__DUPLICATE_METHOD_MATCH = YES;
				"CODE_SIGN_IDENTITY[sdk=iphoneos*]" = "iPhone Developer";
				COPY_PHASE_STRIP = NO;
				DEBUG_INFORMATION_FORMAT = dwarf;
				ENABLE_STRICT_OBJC_MSGSEND = YES;
				ENABLE_TESTABILITY = YES;
				GCC_C_LANGUAGE_STANDARD = gnu99;
				GCC_DYNAMIC_NO_PIC = NO;
				GCC_NO_COMMON_BLOCKS = YES;
				GCC_OPTIMIZATION_LEVEL = 0;
				GCC_PREPROCESSOR_DEFINITIONS = (
					"DEBUG=1",
					"$(inherited)",
				);
				GCC_WARN_64_TO_32_BIT_CONVERSION = YES;
				GCC_WARN_ABOUT_RETURN_TYPE = YES_ERROR;
				GCC_WARN_UNDECLARED_SELECTOR = YES;
				GCC_WARN_UNINITIALIZED_AUTOS = YES_AGGRESSIVE;
				GCC_WARN_UNUSED_FUNCTION = YES;
				GCC_WARN_UNUSED_VARIABLE = YES;
				IPHONEOS_DEPLOYMENT_TARGET = 10.3;
				MTL_ENABLE_DEBUG_INFO = YES;
				ONLY_ACTIVE_ARCH = YES;
				SDKROOT = iphoneos;
				SWIFT_ACTIVE_COMPILATION_CONDITIONS = DEBUG;
				SWIFT_OPTIMIZATION_LEVEL = "-Onone";
				TARGETED_DEVICE_FAMILY = "1,2";
			};
			name = Debug;
		};
		5AD407101F141DF700227EFA /* Release */ = {
			isa = XCBuildConfiguration;
			buildSettings = {
				ALWAYS_SEARCH_USER_PATHS = NO;
				CLANG_ANALYZER_NONNULL = YES;
				CLANG_ANALYZER_NUMBER_OBJECT_CONVERSION = YES_AGGRESSIVE;
				CLANG_CXX_LANGUAGE_STANDARD = "gnu++0x";
				CLANG_CXX_LIBRARY = "libc++";
				CLANG_ENABLE_MODULES = YES;
				CLANG_ENABLE_OBJC_ARC = YES;
				CLANG_WARN_BOOL_CONVERSION = YES;
				CLANG_WARN_CONSTANT_CONVERSION = YES;
				CLANG_WARN_DIRECT_OBJC_ISA_USAGE = YES_ERROR;
				CLANG_WARN_DOCUMENTATION_COMMENTS = YES;
				CLANG_WARN_EMPTY_BODY = YES;
				CLANG_WARN_ENUM_CONVERSION = YES;
				CLANG_WARN_INFINITE_RECURSION = YES;
				CLANG_WARN_INT_CONVERSION = YES;
				CLANG_WARN_OBJC_ROOT_CLASS = YES_ERROR;
				CLANG_WARN_SUSPICIOUS_MOVE = YES;
				CLANG_WARN_UNREACHABLE_CODE = YES;
				CLANG_WARN__DUPLICATE_METHOD_MATCH = YES;
				"CODE_SIGN_IDENTITY[sdk=iphoneos*]" = "iPhone Developer";
				COPY_PHASE_STRIP = NO;
				DEBUG_INFORMATION_FORMAT = "dwarf-with-dsym";
				ENABLE_NS_ASSERTIONS = NO;
				ENABLE_STRICT_OBJC_MSGSEND = YES;
				GCC_C_LANGUAGE_STANDARD = gnu99;
				GCC_NO_COMMON_BLOCKS = YES;
				GCC_WARN_64_TO_32_BIT_CONVERSION = YES;
				GCC_WARN_ABOUT_RETURN_TYPE = YES_ERROR;
				GCC_WARN_UNDECLARED_SELECTOR = YES;
				GCC_WARN_UNINITIALIZED_AUTOS = YES_AGGRESSIVE;
				GCC_WARN_UNUSED_FUNCTION = YES;
				GCC_WARN_UNUSED_VARIABLE = YES;
				IPHONEOS_DEPLOYMENT_TARGET = 10.3;
				MTL_ENABLE_DEBUG_INFO = NO;
				SDKROOT = iphoneos;
				SWIFT_OPTIMIZATION_LEVEL = "-Owholemodule";
				TARGETED_DEVICE_FAMILY = "1,2";
				VALIDATE_PRODUCT = YES;
			};
			name = Release;
		};
		5AD407121F141DF700227EFA /* Debug */ = {
			isa = XCBuildConfiguration;
			buildSettings = {
				ASSETCATALOG_COMPILER_APPICON_NAME = AppIcon;
				INFOPLIST_FILE = delegatesPractice/Info.plist;
				LD_RUNPATH_SEARCH_PATHS = "$(inherited) @executable_path/Frameworks";
				PRODUCT_BUNDLE_IDENTIFIER = spacil.delegatesPractice;
				PRODUCT_NAME = "$(TARGET_NAME)";
				SWIFT_VERSION = 3.0;
			};
			name = Debug;
		};
		5AD407131F141DF700227EFA /* Release */ = {
			isa = XCBuildConfiguration;
			buildSettings = {
				ASSETCATALOG_COMPILER_APPICON_NAME = AppIcon;
				INFOPLIST_FILE = delegatesPractice/Info.plist;
				LD_RUNPATH_SEARCH_PATHS = "$(inherited) @executable_path/Frameworks";
				PRODUCT_BUNDLE_IDENTIFIER = spacil.delegatesPractice;
				PRODUCT_NAME = "$(TARGET_NAME)";
				SWIFT_VERSION = 3.0;
			};
			name = Release;
		};
/* End XCBuildConfiguration section */

/* Begin XCConfigurationList section */
		5AD406FA1F141DF700227EFA /* Build configuration list for PBXProject "delegatesPractice" */ = {
			isa = XCConfigurationList;
			buildConfigurations = (
				5AD4070F1F141DF700227EFA /* Debug */,
				5AD407101F141DF700227EFA /* Release */,
			);
			defaultConfigurationIsVisible = 0;
			defaultConfigurationName = Release;
		};
		5AD407111F141DF700227EFA /* Build configuration list for PBXNativeTarget "delegatesPractice" */ = {
			isa = XCConfigurationList;
			buildConfigurations = (
				5AD407121F141DF700227EFA /* Debug */,
				5AD407131F141DF700227EFA /* Release */,
			);
			defaultConfigurationIsVisible = 0;
		};
/* End XCConfigurationList section */
	};
	rootObject = 5AD406F71F141DF700227EFA /* Project object */;
}
