// !$*UTF8*$!
{
	archiveVersion = 1;
	classes = {
	};
	objectVersion = 46;
	objects = {

/* Begin PBXBuildFile section */
		2EBFD064288B455ACDA109A4 /* Pods_CAL.framework in Frameworks */ = {isa = PBXBuildFile; fileRef = 07E57B4A63A7D2531E5F8CD7 /* Pods_CAL.framework */; };
		5A191C681F185C8500376D33 /* CustomCell.swift in Sources */ = {isa = PBXBuildFile; fileRef = 5A191C671F185C8500376D33 /* CustomCell.swift */; };
		5ADC48E01F1857D500636B3D /* AppDelegate.swift in Sources */ = {isa = PBXBuildFile; fileRef = 5ADC48DF1F1857D500636B3D /* AppDelegate.swift */; };
		5ADC48E21F1857D500636B3D /* ViewController.swift in Sources */ = {isa = PBXBuildFile; fileRef = 5ADC48E11F1857D500636B3D /* ViewController.swift */; };
		5ADC48E51F1857D500636B3D /* Main.storyboard in Resources */ = {isa = PBXBuildFile; fileRef = 5ADC48E31F1857D500636B3D /* Main.storyboard */; };
		5ADC48E71F1857D500636B3D /* Assets.xcassets in Resources */ = {isa = PBXBuildFile; fileRef = 5ADC48E61F1857D500636B3D /* Assets.xcassets */; };
		5ADC48EA1F1857D500636B3D /* LaunchScreen.storyboard in Resources */ = {isa = PBXBuildFile; fileRef = 5ADC48E81F1857D500636B3D /* LaunchScreen.storyboard */; };
		5ADC48F21F1857F900636B3D /* Podfile in Resources */ = {isa = PBXBuildFile; fileRef = 5ADC48F11F1857F900636B3D /* Podfile */; };
/* End PBXBuildFile section */

/* Begin PBXFileReference section */
		07E57B4A63A7D2531E5F8CD7 /* Pods_CAL.framework */ = {isa = PBXFileReference; explicitFileType = wrapper.framework; includeInIndex = 0; path = Pods_CAL.framework; sourceTree = BUILT_PRODUCTS_DIR; };
		5A191C671F185C8500376D33 /* CustomCell.swift */ = {isa = PBXFileReference; fileEncoding = 4; lastKnownFileType = sourcecode.swift; path = CustomCell.swift; sourceTree = "<group>"; };
		5ADC48DC1F1857D500636B3D /* CAL.app */ = {isa = PBXFileReference; explicitFileType = wrapper.application; includeInIndex = 0; path = CAL.app; sourceTree = BUILT_PRODUCTS_DIR; };
		5ADC48DF1F1857D500636B3D /* AppDelegate.swift */ = {isa = PBXFileReference; lastKnownFileType = sourcecode.swift; path = AppDelegate.swift; sourceTree = "<group>"; };
		5ADC48E11F1857D500636B3D /* ViewController.swift */ = {isa = PBXFileReference; lastKnownFileType = sourcecode.swift; path = ViewController.swift; sourceTree = "<group>"; };
		5ADC48E41F1857D500636B3D /* Base */ = {isa = PBXFileReference; lastKnownFileType = file.storyboard; name = Base; path = Base.lproj/Main.storyboard; sourceTree = "<group>"; };
		5ADC48E61F1857D500636B3D /* Assets.xcassets */ = {isa = PBXFileReference; lastKnownFileType = folder.assetcatalog; path = Assets.xcassets; sourceTree = "<group>"; };
		5ADC48E91F1857D500636B3D /* Base */ = {isa = PBXFileReference; lastKnownFileType = file.storyboard; name = Base; path = Base.lproj/LaunchScreen.storyboard; sourceTree = "<group>"; };
		5ADC48EB1F1857D500636B3D /* Info.plist */ = {isa = PBXFileReference; lastKnownFileType = text.plist.xml; path = Info.plist; sourceTree = "<group>"; };
		5ADC48F11F1857F900636B3D /* Podfile */ = {isa = PBXFileReference; fileEncoding = 4; lastKnownFileType = text; path = Podfile; sourceTree = "<group>"; };
		92BB0BF2774CFEA01F2578B5 /* Pods-CAL.debug.xcconfig */ = {isa = PBXFileReference; includeInIndex = 1; lastKnownFileType = text.xcconfig; name = "Pods-CAL.debug.xcconfig"; path = "Pods/Target Support Files/Pods-CAL/Pods-CAL.debug.xcconfig"; sourceTree = "<group>"; };
		D705E3A36752C1F61E8A7CFD /* Pods-CAL.release.xcconfig */ = {isa = PBXFileReference; includeInIndex = 1; lastKnownFileType = text.xcconfig; name = "Pods-CAL.release.xcconfig"; path = "Pods/Target Support Files/Pods-CAL/Pods-CAL.release.xcconfig"; sourceTree = "<group>"; };
/* End PBXFileReference section */

/* Begin PBXFrameworksBuildPhase section */
		5ADC48D91F1857D500636B3D /* Frameworks */ = {
			isa = PBXFrameworksBuildPhase;
			buildActionMask = 2147483647;
			files = (
				2EBFD064288B455ACDA109A4 /* Pods_CAL.framework in Frameworks */,
			);
			runOnlyForDeploymentPostprocessing = 0;
		};
/* End PBXFrameworksBuildPhase section */

/* Begin PBXGroup section */
		5ADC48D31F1857D500636B3D = {
			isa = PBXGroup;
			children = (
				5ADC48F11F1857F900636B3D /* Podfile */,
				5ADC48DE1F1857D500636B3D /* CAL */,
				5ADC48DD1F1857D500636B3D /* Products */,
				76C433264392E6DF37302190 /* Pods */,
				70F5B23BC1E979B71843C25B /* Frameworks */,
			);
			sourceTree = "<group>";
		};
		5ADC48DD1F1857D500636B3D /* Products */ = {
			isa = PBXGroup;
			children = (
				5ADC48DC1F1857D500636B3D /* CAL.app */,
			);
			name = Products;
			sourceTree = "<group>";
		};
		5ADC48DE1F1857D500636B3D /* CAL */ = {
			isa = PBXGroup;
			children = (
				5ADC48DF1F1857D500636B3D /* AppDelegate.swift */,
				5ADC48E11F1857D500636B3D /* ViewController.swift */,
				5ADC48E31F1857D500636B3D /* Main.storyboard */,
				5A191C671F185C8500376D33 /* CustomCell.swift */,
				5ADC48E61F1857D500636B3D /* Assets.xcassets */,
				5ADC48E81F1857D500636B3D /* LaunchScreen.storyboard */,
				5ADC48EB1F1857D500636B3D /* Info.plist */,
			);
			path = CAL;
			sourceTree = "<group>";
		};
		70F5B23BC1E979B71843C25B /* Frameworks */ = {
			isa = PBXGroup;
			children = (
				07E57B4A63A7D2531E5F8CD7 /* Pods_CAL.framework */,
			);
			name = Frameworks;
			sourceTree = "<group>";
		};
		76C433264392E6DF37302190 /* Pods */ = {
			isa = PBXGroup;
			children = (
				92BB0BF2774CFEA01F2578B5 /* Pods-CAL.debug.xcconfig */,
				D705E3A36752C1F61E8A7CFD /* Pods-CAL.release.xcconfig */,
			);
			name = Pods;
			sourceTree = "<group>";
		};
/* End PBXGroup section */

/* Begin PBXNativeTarget section */
		5ADC48DB1F1857D500636B3D /* CAL */ = {
			isa = PBXNativeTarget;
			buildConfigurationList = 5ADC48EE1F1857D500636B3D /* Build configuration list for PBXNativeTarget "CAL" */;
			buildPhases = (
				103902DDB0B8E6F2F08CF27B /* [CP] Check Pods Manifest.lock */,
				5ADC48D81F1857D500636B3D /* Sources */,
				5ADC48D91F1857D500636B3D /* Frameworks */,
				5ADC48DA1F1857D500636B3D /* Resources */,
				7145F4447F79C9937B06DC64 /* [CP] Embed Pods Frameworks */,
				417FD4E7E0A84EE3DD0E8DE6 /* [CP] Copy Pods Resources */,
			);
			buildRules = (
			);
			dependencies = (
			);
			name = CAL;
			productName = CAL;
			productReference = 5ADC48DC1F1857D500636B3D /* CAL.app */;
			productType = "com.apple.product-type.application";
		};
/* End PBXNativeTarget section */

/* Begin PBXProject section */
		5ADC48D41F1857D500636B3D /* Project object */ = {
			isa = PBXProject;
			attributes = {
				LastSwiftUpdateCheck = 0830;
				LastUpgradeCheck = 0830;
				ORGANIZATIONNAME = "Lucas Spacil";
				TargetAttributes = {
					5ADC48DB1F1857D500636B3D = {
						CreatedOnToolsVersion = 8.3.3;
						ProvisioningStyle = Automatic;
					};
				};
			};
			buildConfigurationList = 5ADC48D71F1857D500636B3D /* Build configuration list for PBXProject "CAL" */;
			compatibilityVersion = "Xcode 3.2";
			developmentRegion = English;
			hasScannedForEncodings = 0;
			knownRegions = (
				en,
				Base,
			);
			mainGroup = 5ADC48D31F1857D500636B3D;
			productRefGroup = 5ADC48DD1F1857D500636B3D /* Products */;
			projectDirPath = "";
			projectRoot = "";
			targets = (
				5ADC48DB1F1857D500636B3D /* CAL */,
			);
		};
/* End PBXProject section */

/* Begin PBXResourcesBuildPhase section */
		5ADC48DA1F1857D500636B3D /* Resources */ = {
			isa = PBXResourcesBuildPhase;
			buildActionMask = 2147483647;
			files = (
				5ADC48EA1F1857D500636B3D /* LaunchScreen.storyboard in Resources */,
				5ADC48E71F1857D500636B3D /* Assets.xcassets in Resources */,
				5ADC48F21F1857F900636B3D /* Podfile in Resources */,
				5ADC48E51F1857D500636B3D /* Main.storyboard in Resources */,
			);
			runOnlyForDeploymentPostprocessing = 0;
		};
/* End PBXResourcesBuildPhase section */

/* Begin PBXShellScriptBuildPhase section */
		103902DDB0B8E6F2F08CF27B /* [CP] Check Pods Manifest.lock */ = {
			isa = PBXShellScriptBuildPhase;
			buildActionMask = 2147483647;
			files = (
			);
			inputPaths = (
			);
			name = "[CP] Check Pods Manifest.lock";
			outputPaths = (
			);
			runOnlyForDeploymentPostprocessing = 0;
			shellPath = /bin/sh;
			shellScript = "diff \"${PODS_PODFILE_DIR_PATH}/Podfile.lock\" \"${PODS_ROOT}/Manifest.lock\" > /dev/null\nif [ $? != 0 ] ; then\n    # print error to STDERR\n    echo \"error: The sandbox is not in sync with the Podfile.lock. Run 'pod install' or update your CocoaPods installation.\" >&2\n    exit 1\nfi\n";
			showEnvVarsInLog = 0;
		};
		417FD4E7E0A84EE3DD0E8DE6 /* [CP] Copy Pods Resources */ = {
			isa = PBXShellScriptBuildPhase;
			buildActionMask = 2147483647;
			files = (
			);
			inputPaths = (
			);
			name = "[CP] Copy Pods Resources";
			outputPaths = (
			);
			runOnlyForDeploymentPostprocessing = 0;
			shellPath = /bin/sh;
			shellScript = "\"${SRCROOT}/Pods/Target Support Files/Pods-CAL/Pods-CAL-resources.sh\"\n";
			showEnvVarsInLog = 0;
		};
		7145F4447F79C9937B06DC64 /* [CP] Embed Pods Frameworks */ = {
			isa = PBXShellScriptBuildPhase;
			buildActionMask = 2147483647;
			files = (
			);
			inputPaths = (
			);
			name = "[CP] Embed Pods Frameworks";
			outputPaths = (
			);
			runOnlyForDeploymentPostprocessing = 0;
			shellPath = /bin/sh;
			shellScript = "\"${SRCROOT}/Pods/Target Support Files/Pods-CAL/Pods-CAL-frameworks.sh\"\n";
			showEnvVarsInLog = 0;
		};
/* End PBXShellScriptBuildPhase section */

/* Begin PBXSourcesBuildPhase section */
		5ADC48D81F1857D500636B3D /* Sources */ = {
			isa = PBXSourcesBuildPhase;
			buildActionMask = 2147483647;
			files = (
				5ADC48E21F1857D500636B3D /* ViewController.swift in Sources */,
				5A191C681F185C8500376D33 /* CustomCell.swift in Sources */,
				5ADC48E01F1857D500636B3D /* AppDelegate.swift in Sources */,
			);
			runOnlyForDeploymentPostprocessing = 0;
		};
/* End PBXSourcesBuildPhase section */

/* Begin PBXVariantGroup section */
		5ADC48E31F1857D500636B3D /* Main.storyboard */ = {
			isa = PBXVariantGroup;
			children = (
				5ADC48E41F1857D500636B3D /* Base */,
			);
			name = Main.storyboard;
			sourceTree = "<group>";
		};
		5ADC48E81F1857D500636B3D /* LaunchScreen.storyboard */ = {
			isa = PBXVariantGroup;
			children = (
				5ADC48E91F1857D500636B3D /* Base */,
			);
			name = LaunchScreen.storyboard;
			sourceTree = "<group>";
		};
/* End PBXVariantGroup section */

/* Begin XCBuildConfiguration section */
		5ADC48EC1F1857D500636B3D /* Debug */ = {
			isa = XCBuildConfiguration;
			buildSettings = {
				ALWAYS_SEARCH_USER_PATHS = NO;
				CLANG_ANALYZER_NONNULL = YES;
				CLANG_ANALYZER_NUMBER_OBJECT_CONVERSION = YES_AGGRESSIVE;
				CLANG_CXX_LANGUAGE_STANDARD = "gnu++0x";
				CLANG_CXX_LIBRARY = "libc++";
				CLANG_ENABLE_MODULES = YES;
				CLANG_ENABLE_OBJC_ARC = YES;
				CLANG_WARN_BOOL_CONVERSION = YES;
				CLANG_WARN_CONSTANT_CONVERSION = YES;
				CLANG_WARN_DIRECT_OBJC_ISA_USAGE = YES_ERROR;
				CLANG_WARN_DOCUMENTATION_COMMENTS = YES;
				CLANG_WARN_EMPTY_BODY = YES;
				CLANG_WARN_ENUM_CONVERSION = YES;
				CLANG_WARN_INFINITE_RECURSION = YES;
				CLANG_WARN_INT_CONVERSION = YES;
				CLANG_WARN_OBJC_ROOT_CLASS = YES_ERROR;
				CLANG_WARN_SUSPICIOUS_MOVE = YES;
				CLANG_WARN_UNREACHABLE_CODE = YES;
				CLANG_WARN__DUPLICATE_METHOD_MATCH = YES;
				"CODE_SIGN_IDENTITY[sdk=iphoneos*]" = "iPhone Developer";
				COPY_PHASE_STRIP = NO;
				DEBUG_INFORMATION_FORMAT = dwarf;
				ENABLE_STRICT_OBJC_MSGSEND = YES;
				ENABLE_TESTABILITY = YES;
				GCC_C_LANGUAGE_STANDARD = gnu99;
				GCC_DYNAMIC_NO_PIC = NO;
				GCC_NO_COMMON_BLOCKS = YES;
				GCC_OPTIMIZATION_LEVEL = 0;
				GCC_PREPROCESSOR_DEFINITIONS = (
					"DEBUG=1",
					"$(inherited)",
				);
				GCC_WARN_64_TO_32_BIT_CONVERSION = YES;
				GCC_WARN_ABOUT_RETURN_TYPE = YES_ERROR;
				GCC_WARN_UNDECLARED_SELECTOR = YES;
				GCC_WARN_UNINITIALIZED_AUTOS = YES_AGGRESSIVE;
				GCC_WARN_UNUSED_FUNCTION = YES;
				GCC_WARN_UNUSED_VARIABLE = YES;
				IPHONEOS_DEPLOYMENT_TARGET = 10.3;
				MTL_ENABLE_DEBUG_INFO = YES;
				ONLY_ACTIVE_ARCH = YES;
				SDKROOT = iphoneos;
				SWIFT_ACTIVE_COMPILATION_CONDITIONS = DEBUG;
				SWIFT_OPTIMIZATION_LEVEL = "-Onone";
				TARGETED_DEVICE_FAMILY = "1,2";
			};
			name = Debug;
		};
		5ADC48ED1F1857D500636B3D /* Release */ = {
			isa = XCBuildConfiguration;
			buildSettings = {
				ALWAYS_SEARCH_USER_PATHS = NO;
				CLANG_ANALYZER_NONNULL = YES;
				CLANG_ANALYZER_NUMBER_OBJECT_CONVERSION = YES_AGGRESSIVE;
				CLANG_CXX_LANGUAGE_STANDARD = "gnu++0x";
				CLANG_CXX_LIBRARY = "libc++";
				CLANG_ENABLE_MODULES = YES;
				CLANG_ENABLE_OBJC_ARC = YES;
				CLANG_WARN_BOOL_CONVERSION = YES;
				CLANG_WARN_CONSTANT_CONVERSION = YES;
				CLANG_WARN_DIRECT_OBJC_ISA_USAGE = YES_ERROR;
				CLANG_WARN_DOCUMENTATION_COMMENTS = YES;
				CLANG_WARN_EMPTY_BODY = YES;
				CLANG_WARN_ENUM_CONVERSION = YES;
				CLANG_WARN_INFINITE_RECURSION = YES;
				CLANG_WARN_INT_CONVERSION = YES;
				CLANG_WARN_OBJC_ROOT_CLASS = YES_ERROR;
				CLANG_WARN_SUSPICIOUS_MOVE = YES;
				CLANG_WARN_UNREACHABLE_CODE = YES;
				CLANG_WARN__DUPLICATE_METHOD_MATCH = YES;
				"CODE_SIGN_IDENTITY[sdk=iphoneos*]" = "iPhone Developer";
				COPY_PHASE_STRIP = NO;
				DEBUG_INFORMATION_FORMAT = "dwarf-with-dsym";
				ENABLE_NS_ASSERTIONS = NO;
				ENABLE_STRICT_OBJC_MSGSEND = YES;
				GCC_C_LANGUAGE_STANDARD = gnu99;
				GCC_NO_COMMON_BLOCKS = YES;
				GCC_WARN_64_TO_32_BIT_CONVERSION = YES;
				GCC_WARN_ABOUT_RETURN_TYPE = YES_ERROR;
				GCC_WARN_UNDECLARED_SELECTOR = YES;
				GCC_WARN_UNINITIALIZED_AUTOS = YES_AGGRESSIVE;
				GCC_WARN_UNUSED_FUNCTION = YES;
				GCC_WARN_UNUSED_VARIABLE = YES;
				IPHONEOS_DEPLOYMENT_TARGET = 10.3;
				MTL_ENABLE_DEBUG_INFO = NO;
				SDKROOT = iphoneos;
				SWIFT_OPTIMIZATION_LEVEL = "-Owholemodule";
				TARGETED_DEVICE_FAMILY = "1,2";
				VALIDATE_PRODUCT = YES;
			};
			name = Release;
		};
		5ADC48EF1F1857D500636B3D /* Debug */ = {
			isa = XCBuildConfiguration;
			baseConfigurationReference = 92BB0BF2774CFEA01F2578B5 /* Pods-CAL.debug.xcconfig */;
			buildSettings = {
				ASSETCATALOG_COMPILER_APPICON_NAME = AppIcon;
				INFOPLIST_FILE = CAL/Info.plist;
				LD_RUNPATH_SEARCH_PATHS = "$(inherited) @executable_path/Frameworks";
				PRODUCT_BUNDLE_IDENTIFIER = spacil.CAL;
				PRODUCT_NAME = "$(TARGET_NAME)";
				SWIFT_VERSION = 3.0;
			};
			name = Debug;
		};
		5ADC48F01F1857D500636B3D /* Release */ = {
			isa = XCBuildConfiguration;
			baseConfigurationReference = D705E3A36752C1F61E8A7CFD /* Pods-CAL.release.xcconfig */;
			buildSettings = {
				ASSETCATALOG_COMPILER_APPICON_NAME = AppIcon;
				INFOPLIST_FILE = CAL/Info.plist;
				LD_RUNPATH_SEARCH_PATHS = "$(inherited) @executable_path/Frameworks";
				PRODUCT_BUNDLE_IDENTIFIER = spacil.CAL;
				PRODUCT_NAME = "$(TARGET_NAME)";
				SWIFT_VERSION = 3.0;
			};
			name = Release;
		};
/* End XCBuildConfiguration section */

/* Begin XCConfigurationList section */
		5ADC48D71F1857D500636B3D /* Build configuration list for PBXProject "CAL" */ = {
			isa = XCConfigurationList;
			buildConfigurations = (
				5ADC48EC1F1857D500636B3D /* Debug */,
				5ADC48ED1F1857D500636B3D /* Release */,
			);
			defaultConfigurationIsVisible = 0;
			defaultConfigurationName = Release;
		};
		5ADC48EE1F1857D500636B3D /* Build configuration list for PBXNativeTarget "CAL" */ = {
			isa = XCConfigurationList;
			buildConfigurations = (
				5ADC48EF1F1857D500636B3D /* Debug */,
				5ADC48F01F1857D500636B3D /* Release */,
			);
			defaultConfigurationIsVisible = 0;
			defaultConfigurationName = Release;
		};
/* End XCConfigurationList section */
	};
	rootObject = 5ADC48D41F1857D500636B3D /* Project object */;
}
