// !$*UTF8*$!
{
	archiveVersion = 1;
	classes = {
	};
	objectVersion = 46;
	objects = {

/* Begin PBXBuildFile section */
		5ACB74D81F101678003F508A /* AppDelegate.swift in Sources */ = {isa = PBXBuildFile; fileRef = 5ACB74D71F101678003F508A /* AppDelegate.swift */; };
		5ACB74DA1F101678003F508A /* ViewController.swift in Sources */ = {isa = PBXBuildFile; fileRef = 5ACB74D91F101678003F508A /* ViewController.swift */; };
		5ACB74DD1F101678003F508A /* Main.storyboard in Resources */ = {isa = PBXBuildFile; fileRef = 5ACB74DB1F101678003F508A /* Main.storyboard */; };
		5ACB74DF1F101678003F508A /* Assets.xcassets in Resources */ = {isa = PBXBuildFile; fileRef = 5ACB74DE1F101678003F508A /* Assets.xcassets */; };
		5ACB74E21F101678003F508A /* LaunchScreen.storyboard in Resources */ = {isa = PBXBuildFile; fileRef = 5ACB74E01F101678003F508A /* LaunchScreen.storyboard */; };
		5ACB74EA1F10174C003F508A /* AnotherViewController.swift in Sources */ = {isa = PBXBuildFile; fileRef = 5ACB74E91F10174C003F508A /* AnotherViewController.swift */; };
/* End PBXBuildFile section */

/* Begin PBXFileReference section */
		5ACB74D41F101678003F508A /* navigation.app */ = {isa = PBXFileReference; explicitFileType = wrapper.application; includeInIndex = 0; path = navigation.app; sourceTree = BUILT_PRODUCTS_DIR; };
		5ACB74D71F101678003F508A /* AppDelegate.swift */ = {isa = PBXFileReference; lastKnownFileType = sourcecode.swift; path = AppDelegate.swift; sourceTree = "<group>"; };
		5ACB74D91F101678003F508A /* ViewController.swift */ = {isa = PBXFileReference; lastKnownFileType = sourcecode.swift; path = ViewController.swift; sourceTree = "<group>"; };
		5ACB74DC1F101678003F508A /* Base */ = {isa = PBXFileReference; lastKnownFileType = file.storyboard; name = Base; path = Base.lproj/Main.storyboard; sourceTree = "<group>"; };
		5ACB74DE1F101678003F508A /* Assets.xcassets */ = {isa = PBXFileReference; lastKnownFileType = folder.assetcatalog; path = Assets.xcassets; sourceTree = "<group>"; };
		5ACB74E11F101678003F508A /* Base */ = {isa = PBXFileReference; lastKnownFileType = file.storyboard; name = Base; path = Base.lproj/LaunchScreen.storyboard; sourceTree = "<group>"; };
		5ACB74E31F101678003F508A /* Info.plist */ = {isa = PBXFileReference; lastKnownFileType = text.plist.xml; path = Info.plist; sourceTree = "<group>"; };
		5ACB74E91F10174C003F508A /* AnotherViewController.swift */ = {isa = PBXFileReference; fileEncoding = 4; lastKnownFileType = sourcecode.swift; path = AnotherViewController.swift; sourceTree = "<group>"; };
/* End PBXFileReference section */

/* Begin PBXFrameworksBuildPhase section */
		5ACB74D11F101678003F508A /* Frameworks */ = {
			isa = PBXFrameworksBuildPhase;
			buildActionMask = 2147483647;
			files = (
			);
			runOnlyForDeploymentPostprocessing = 0;
		};
/* End PBXFrameworksBuildPhase section */

/* Begin PBXGroup section */
		5ACB74CB1F101678003F508A = {
			isa = PBXGroup;
			children = (
				5ACB74D61F101678003F508A /* navigation */,
				5ACB74D51F101678003F508A /* Products */,
			);
			sourceTree = "<group>";
		};
		5ACB74D51F101678003F508A /* Products */ = {
			isa = PBXGroup;
			children = (
				5ACB74D41F101678003F508A /* navigation.app */,
			);
			name = Products;
			sourceTree = "<group>";
		};
		5ACB74D61F101678003F508A /* navigation */ = {
			isa = PBXGroup;
			children = (
				5ACB74D71F101678003F508A /* AppDelegate.swift */,
				5ACB74D91F101678003F508A /* ViewController.swift */,
				5ACB74DB1F101678003F508A /* Main.storyboard */,
				5ACB74E91F10174C003F508A /* AnotherViewController.swift */,
				5ACB74DE1F101678003F508A /* Assets.xcassets */,
				5ACB74E01F101678003F508A /* LaunchScreen.storyboard */,
				5ACB74E31F101678003F508A /* Info.plist */,
			);
			path = navigation;
			sourceTree = "<group>";
		};
/* End PBXGroup section */

/* Begin PBXNativeTarget section */
		5ACB74D31F101678003F508A /* navigation */ = {
			isa = PBXNativeTarget;
			buildConfigurationList = 5ACB74E61F101678003F508A /* Build configuration list for PBXNativeTarget "navigation" */;
			buildPhases = (
				5ACB74D01F101678003F508A /* Sources */,
				5ACB74D11F101678003F508A /* Frameworks */,
				5ACB74D21F101678003F508A /* Resources */,
			);
			buildRules = (
			);
			dependencies = (
			);
			name = navigation;
			productName = navigation;
			productReference = 5ACB74D41F101678003F508A /* navigation.app */;
			productType = "com.apple.product-type.application";
		};
/* End PBXNativeTarget section */

/* Begin PBXProject section */
		5ACB74CC1F101678003F508A /* Project object */ = {
			isa = PBXProject;
			attributes = {
				LastSwiftUpdateCheck = 0830;
				LastUpgradeCheck = 0830;
				ORGANIZATIONNAME = "Lucas Spacil";
				TargetAttributes = {
					5ACB74D31F101678003F508A = {
						CreatedOnToolsVersion = 8.3.3;
						ProvisioningStyle = Automatic;
					};
				};
			};
			buildConfigurationList = 5ACB74CF1F101678003F508A /* Build configuration list for PBXProject "navigation" */;
			compatibilityVersion = "Xcode 3.2";
			developmentRegion = English;
			hasScannedForEncodings = 0;
			knownRegions = (
				en,
				Base,
			);
			mainGroup = 5ACB74CB1F101678003F508A;
			productRefGroup = 5ACB74D51F101678003F508A /* Products */;
			projectDirPath = "";
			projectRoot = "";
			targets = (
				5ACB74D31F101678003F508A /* navigation */,
			);
		};
/* End PBXProject section */

/* Begin PBXResourcesBuildPhase section */
		5ACB74D21F101678003F508A /* Resources */ = {
			isa = PBXResourcesBuildPhase;
			buildActionMask = 2147483647;
			files = (
				5ACB74E21F101678003F508A /* LaunchScreen.storyboard in Resources */,
				5ACB74DF1F101678003F508A /* Assets.xcassets in Resources */,
				5ACB74DD1F101678003F508A /* Main.storyboard in Resources */,
			);
			runOnlyForDeploymentPostprocessing = 0;
		};
/* End PBXResourcesBuildPhase section */

/* Begin PBXSourcesBuildPhase section */
		5ACB74D01F101678003F508A /* Sources */ = {
			isa = PBXSourcesBuildPhase;
			buildActionMask = 2147483647;
			files = (
				5ACB74DA1F101678003F508A /* ViewController.swift in Sources */,
				5ACB74D81F101678003F508A /* AppDelegate.swift in Sources */,
				5ACB74EA1F10174C003F508A /* AnotherViewController.swift in Sources */,
			);
			runOnlyForDeploymentPostprocessing = 0;
		};
/* End PBXSourcesBuildPhase section */

/* Begin PBXVariantGroup section */
		5ACB74DB1F101678003F508A /* Main.storyboard */ = {
			isa = PBXVariantGroup;
			children = (
				5ACB74DC1F101678003F508A /* Base */,
			);
			name = Main.storyboard;
			sourceTree = "<group>";
		};
		5ACB74E01F101678003F508A /* LaunchScreen.storyboard */ = {
			isa = PBXVariantGroup;
			children = (
				5ACB74E11F101678003F508A /* Base */,
			);
			name = LaunchScreen.storyboard;
			sourceTree = "<group>";
		};
/* End PBXVariantGroup section */

/* Begin XCBuildConfiguration section */
		5ACB74E41F101678003F508A /* Debug */ = {
			isa = XCBuildConfiguration;
			buildSettings = {
				ALWAYS_SEARCH_USER_PATHS = NO;
				CLANG_ANALYZER_NONNULL = YES;
				CLANG_ANALYZER_NUMBER_OBJECT_CONVERSION = YES_AGGRESSIVE;
				CLANG_CXX_LANGUAGE_STANDARD = "gnu++0x";
				CLANG_CXX_LIBRARY = "libc++";
				CLANG_ENABLE_MODULES = YES;
				CLANG_ENABLE_OBJC_ARC = YES;
				CLANG_WARN_BOOL_CONVERSION = YES;
				CLANG_WARN_CONSTANT_CONVERSION = YES;
				CLANG_WARN_DIRECT_OBJC_ISA_USAGE = YES_ERROR;
				CLANG_WARN_DOCUMENTATION_COMMENTS = YES;
				CLANG_WARN_EMPTY_BODY = YES;
				CLANG_WARN_ENUM_CONVERSION = YES;
				CLANG_WARN_INFINITE_RECURSION = YES;
				CLANG_WARN_INT_CONVERSION = YES;
				CLANG_WARN_OBJC_ROOT_CLASS = YES_ERROR;
				CLANG_WARN_SUSPICIOUS_MOVE = YES;
				CLANG_WARN_UNREACHABLE_CODE = YES;
				CLANG_WARN__DUPLICATE_METHOD_MATCH = YES;
				"CODE_SIGN_IDENTITY[sdk=iphoneos*]" = "iPhone Developer";
				COPY_PHASE_STRIP = NO;
				DEBUG_INFORMATION_FORMAT = dwarf;
				ENABLE_STRICT_OBJC_MSGSEND = YES;
				ENABLE_TESTABILITY = YES;
				GCC_C_LANGUAGE_STANDARD = gnu99;
				GCC_DYNAMIC_NO_PIC = NO;
				GCC_NO_COMMON_BLOCKS = YES;
				GCC_OPTIMIZATION_LEVEL = 0;
				GCC_PREPROCESSOR_DEFINITIONS = (
					"DEBUG=1",
					"$(inherited)",
				);
				GCC_WARN_64_TO_32_BIT_CONVERSION = YES;
				GCC_WARN_ABOUT_RETURN_TYPE = YES_ERROR;
				GCC_WARN_UNDECLARED_SELECTOR = YES;
				GCC_WARN_UNINITIALIZED_AUTOS = YES_AGGRESSIVE;
				GCC_WARN_UNUSED_FUNCTION = YES;
				GCC_WARN_UNUSED_VARIABLE = YES;
				IPHONEOS_DEPLOYMENT_TARGET = 10.3;
				MTL_ENABLE_DEBUG_INFO = YES;
				ONLY_ACTIVE_ARCH = YES;
				SDKROOT = iphoneos;
				SWIFT_ACTIVE_COMPILATION_CONDITIONS = DEBUG;
				SWIFT_OPTIMIZATION_LEVEL = "-Onone";
				TARGETED_DEVICE_FAMILY = "1,2";
			};
			name = Debug;
		};
		5ACB74E51F101678003F508A /* Release */ = {
			isa = XCBuildConfiguration;
			buildSettings = {
				ALWAYS_SEARCH_USER_PATHS = NO;
				CLANG_ANALYZER_NONNULL = YES;
				CLANG_ANALYZER_NUMBER_OBJECT_CONVERSION = YES_AGGRESSIVE;
				CLANG_CXX_LANGUAGE_STANDARD = "gnu++0x";
				CLANG_CXX_LIBRARY = "libc++";
				CLANG_ENABLE_MODULES = YES;
				CLANG_ENABLE_OBJC_ARC = YES;
				CLANG_WARN_BOOL_CONVERSION = YES;
				CLANG_WARN_CONSTANT_CONVERSION = YES;
				CLANG_WARN_DIRECT_OBJC_ISA_USAGE = YES_ERROR;
				CLANG_WARN_DOCUMENTATION_COMMENTS = YES;
				CLANG_WARN_EMPTY_BODY = YES;
				CLANG_WARN_ENUM_CONVERSION = YES;
				CLANG_WARN_INFINITE_RECURSION = YES;
				CLANG_WARN_INT_CONVERSION = YES;
				CLANG_WARN_OBJC_ROOT_CLASS = YES_ERROR;
				CLANG_WARN_SUSPICIOUS_MOVE = YES;
				CLANG_WARN_UNREACHABLE_CODE = YES;
				CLANG_WARN__DUPLICATE_METHOD_MATCH = YES;
				"CODE_SIGN_IDENTITY[sdk=iphoneos*]" = "iPhone Developer";
				COPY_PHASE_STRIP = NO;
				DEBUG_INFORMATION_FORMAT = "dwarf-with-dsym";
				ENABLE_NS_ASSERTIONS = NO;
				ENABLE_STRICT_OBJC_MSGSEND = YES;
				GCC_C_LANGUAGE_STANDARD = gnu99;
				GCC_NO_COMMON_BLOCKS = YES;
				GCC_WARN_64_TO_32_BIT_CONVERSION = YES;
				GCC_WARN_ABOUT_RETURN_TYPE = YES_ERROR;
				GCC_WARN_UNDECLARED_SELECTOR = YES;
				GCC_WARN_UNINITIALIZED_AUTOS = YES_AGGRESSIVE;
				GCC_WARN_UNUSED_FUNCTION = YES;
				GCC_WARN_UNUSED_VARIABLE = YES;
				IPHONEOS_DEPLOYMENT_TARGET = 10.3;
				MTL_ENABLE_DEBUG_INFO = NO;
				SDKROOT = iphoneos;
				SWIFT_OPTIMIZATION_LEVEL = "-Owholemodule";
				TARGETED_DEVICE_FAMILY = "1,2";
				VALIDATE_PRODUCT = YES;
			};
			name = Release;
		};
		5ACB74E71F101678003F508A /* Debug */ = {
			isa = XCBuildConfiguration;
			buildSettings = {
				ASSETCATALOG_COMPILER_APPICON_NAME = AppIcon;
				INFOPLIST_FILE = navigation/Info.plist;
				LD_RUNPATH_SEARCH_PATHS = "$(inherited) @executable_path/Frameworks";
				PRODUCT_BUNDLE_IDENTIFIER = spacil.navigation;
				PRODUCT_NAME = "$(TARGET_NAME)";
				SWIFT_VERSION = 3.0;
			};
			name = Debug;
		};
		5ACB74E81F101678003F508A /* Release */ = {
			isa = XCBuildConfiguration;
			buildSettings = {
				ASSETCATALOG_COMPILER_APPICON_NAME = AppIcon;
				INFOPLIST_FILE = navigation/Info.plist;
				LD_RUNPATH_SEARCH_PATHS = "$(inherited) @executable_path/Frameworks";
				PRODUCT_BUNDLE_IDENTIFIER = spacil.navigation;
				PRODUCT_NAME = "$(TARGET_NAME)";
				SWIFT_VERSION = 3.0;
			};
			name = Release;
		};
/* End XCBuildConfiguration section */

/* Begin XCConfigurationList section */
		5ACB74CF1F101678003F508A /* Build configuration list for PBXProject "navigation" */ = {
			isa = XCConfigurationList;
			buildConfigurations = (
				5ACB74E41F101678003F508A /* Debug */,
				5ACB74E51F101678003F508A /* Release */,
			);
			defaultConfigurationIsVisible = 0;
			defaultConfigurationName = Release;
		};
		5ACB74E61F101678003F508A /* Build configuration list for PBXNativeTarget "navigation" */ = {
			isa = XCConfigurationList;
			buildConfigurations = (
				5ACB74E71F101678003F508A /* Debug */,
				5ACB74E81F101678003F508A /* Release */,
			);
			defaultConfigurationIsVisible = 0;
		};
/* End XCConfigurationList section */
	};
	rootObject = 5ACB74CC1F101678003F508A /* Project object */;
}
